
Microsoft Visual Studio Solution File, Format Version 12.00
# Visual Studio 2013
VisualStudioVersion = 12.0.31101.0
MinimumVisualStudioVersion = 10.0.40219.1
Project("{FAE04EC0-301F-11D3-BF4B-00C04F79EFBC}") = "Model", "Model\Model.csproj", "{A3725513-0019-43C0-AB01-7B57483CFDE0}"
EndProject
Project("{FAE04EC0-301F-11D3-BF4B-00C04F79EFBC}") = "View", "View\View.csproj", "{B88D8F83-0FD8-4A86-9A25-61093F2587AD}"
EndProject
Global
	GlobalSection(SolutionConfigurationPlatforms) = preSolution
		Debug|Any CPU = Debug|Any CPU
		Release|Any CPU = Release|Any CPU
	EndGlobalSection
	GlobalSection(ProjectConfigurationPlatforms) = postSolution
		{A3725513-0019-43C0-AB01-7B57483CFDE0}.Debug|Any CPU.ActiveCfg = Debug|Any CPU
		{A3725513-0019-43C0-AB01-7B57483CFDE0}.Debug|Any CPU.Build.0 = Debug|Any CPU
		{A3725513-0019-43C0-AB01-7B57483CFDE0}.Release|Any CPU.ActiveCfg = Release|Any CPU
		{A3725513-0019-43C0-AB01-7B57483CFDE0}.Release|Any CPU.Build.0 = Release|Any CPU
		{B88D8F83-0FD8-4A86-9A25-61093F2587AD}.Debug|Any CPU.ActiveCfg = Debug|Any CPU
		{B88D8F83-0FD8-4A86-9A25-61093F2587AD}.Debug|Any CPU.Build.0 = Debug|Any CPU
		{B88D8F83-0FD8-4A86-9A25-61093F2587AD}.Release|Any CPU.ActiveCfg = Release|Any CPU
		{B88D8F83-0FD8-4A86-9A25-61093F2587AD}.Release|Any CPU.Build.0 = Release|Any CPU
	EndGlobalSection
	GlobalSection(SolutionProperties) = preSolution
		HideSolutionNode = FALSE
	EndGlobalSection
EndGlobal
